
Microsoft Visual Studio Solution File, Format Version 12.00
# Visual Studio 15
VisualStudioVersion = 15.0.26730.16
MinimumVisualStudioVersion = 10.0.40219.1
Project("{FAE04EC0-301F-11D3-BF4B-00C04F79EFBC}") = "WebApiPrj", "WebApiPrj\WebApiPrj.csproj", "{20A872A6-FD81-4124-9086-D99C4A4897FE}"
EndProject
Global
	GlobalSection(SolutionConfigurationPlatforms) = preSolution
		Debug|Any CPU = Debug|Any CPU
		Release|Any CPU = Release|Any CPU
	EndGlobalSection
	GlobalSection(ProjectConfigurationPlatforms) = postSolution
		{20A872A6-FD81-4124-9086-D99C4A4897FE}.Debug|Any CPU.ActiveCfg = Debug|Any CPU
		{20A872A6-FD81-4124-9086-D99C4A4897FE}.Debug|Any CPU.Build.0 = Debug|Any CPU
		{20A872A6-FD81-4124-9086-D99C4A4897FE}.Release|Any CPU.ActiveCfg = Release|Any CPU
		{20A872A6-FD81-4124-9086-D99C4A4897FE}.Release|Any CPU.Build.0 = Release|Any CPU
	EndGlobalSection
	GlobalSection(SolutionProperties) = preSolution
		HideSolutionNode = FALSE
	EndGlobalSection
	GlobalSection(ExtensibilityGlobals) = postSolution
		SolutionGuid = {8A8D6CB6-71A3-4209-A814-010AD2B0FB28}
	EndGlobalSection
EndGlobal
